
Microsoft Visual Studio Solution File, Format Version 12.00
# Visual Studio Version 16
VisualStudioVersion = 16.0.31205.134
MinimumVisualStudioVersion = 10.0.40219.1
Project("{FAE04EC0-301F-11D3-BF4B-00C04F79EFBC}") = "LabCorp.CodedUI Tests", "LabCorp.CodedUI Tests\LabCorp.CodedUI Tests.csproj", "{73DC9730-2686-483B-8418-D1D75DC58952}"
EndProject
Project("{FAE04EC0-301F-11D3-BF4B-00C04F79EFBC}") = "LabCorp.CodedUI.FrameWork", "LabCorp.CodedUI.FrameWork\LabCorp.CodedUI.FrameWork.csproj", "{7A63B77E-1961-46E6-B9C0-68434FA8F1AF}"
EndProject
Global
	GlobalSection(SolutionConfigurationPlatforms) = preSolution
		Debug|Any CPU = Debug|Any CPU
		Release|Any CPU = Release|Any CPU
	EndGlobalSection
	GlobalSection(ProjectConfigurationPlatforms) = postSolution
		{73DC9730-2686-483B-8418-D1D75DC58952}.Debug|Any CPU.ActiveCfg = Debug|Any CPU
		{73DC9730-2686-483B-8418-D1D75DC58952}.Debug|Any CPU.Build.0 = Debug|Any CPU
		{73DC9730-2686-483B-8418-D1D75DC58952}.Release|Any CPU.ActiveCfg = Release|Any CPU
		{73DC9730-2686-483B-8418-D1D75DC58952}.Release|Any CPU.Build.0 = Release|Any CPU
		{7A63B77E-1961-46E6-B9C0-68434FA8F1AF}.Debug|Any CPU.ActiveCfg = Debug|Any CPU
		{7A63B77E-1961-46E6-B9C0-68434FA8F1AF}.Debug|Any CPU.Build.0 = Debug|Any CPU
		{7A63B77E-1961-46E6-B9C0-68434FA8F1AF}.Release|Any CPU.ActiveCfg = Release|Any CPU
		{7A63B77E-1961-46E6-B9C0-68434FA8F1AF}.Release|Any CPU.Build.0 = Release|Any CPU
	EndGlobalSection
	GlobalSection(SolutionProperties) = preSolution
		HideSolutionNode = FALSE
	EndGlobalSection
	GlobalSection(ExtensibilityGlobals) = postSolution
		SolutionGuid = {0312F5C9-9836-4AB4-AB6D-54002F62A366}
	EndGlobalSection
EndGlobal
